
Microsoft Visual Studio Solution File, Format Version 12.00
# Visual Studio Version 16
VisualStudioVersion = 25.0.1706.1
MinimumVisualStudioVersion = 10.0.40219.1
Project("{FAE04EC0-301F-11D3-BF4B-00C04F79EFBC}") = "BlazorFullStack.Server", "BlazorFullStack\Server\BlazorFullStack.Server.csproj", "{8166A4B3-7995-42AD-BE92-FECC476FF0DB}"
EndProject
Project("{FAE04EC0-301F-11D3-BF4B-00C04F79EFBC}") = "BlazorFullStack.Client", "BlazorFullStack\Client\BlazorFullStack.Client.csproj", "{8C737782-02EB-48AC-BBAB-55AD01C9C4F3}"
EndProject
Project("{FAE04EC0-301F-11D3-BF4B-00C04F79EFBC}") = "BlazorFullStack.Shared", "BlazorFullStack\Shared\BlazorFullStack.Shared.csproj", "{8093A965-C4E3-416B-8921-686E6F141C83}"
EndProject
Global
	GlobalSection(SolutionConfigurationPlatforms) = preSolution
		Debug|Any CPU = Debug|Any CPU
		Release|Any CPU = Release|Any CPU
	EndGlobalSection
	GlobalSection(ProjectConfigurationPlatforms) = postSolution
		{8166A4B3-7995-42AD-BE92-FECC476FF0DB}.Debug|Any CPU.ActiveCfg = Debug|Any CPU
		{8166A4B3-7995-42AD-BE92-FECC476FF0DB}.Debug|Any CPU.Build.0 = Debug|Any CPU
		{8166A4B3-7995-42AD-BE92-FECC476FF0DB}.Release|Any CPU.ActiveCfg = Release|Any CPU
		{8166A4B3-7995-42AD-BE92-FECC476FF0DB}.Release|Any CPU.Build.0 = Release|Any CPU
		{8C737782-02EB-48AC-BBAB-55AD01C9C4F3}.Debug|Any CPU.ActiveCfg = Debug|Any CPU
		{8C737782-02EB-48AC-BBAB-55AD01C9C4F3}.Debug|Any CPU.Build.0 = Debug|Any CPU
		{8C737782-02EB-48AC-BBAB-55AD01C9C4F3}.Release|Any CPU.ActiveCfg = Release|Any CPU
		{8C737782-02EB-48AC-BBAB-55AD01C9C4F3}.Release|Any CPU.Build.0 = Release|Any CPU
		{8093A965-C4E3-416B-8921-686E6F141C83}.Debug|Any CPU.ActiveCfg = Debug|Any CPU
		{8093A965-C4E3-416B-8921-686E6F141C83}.Debug|Any CPU.Build.0 = Debug|Any CPU
		{8093A965-C4E3-416B-8921-686E6F141C83}.Release|Any CPU.ActiveCfg = Release|Any CPU
		{8093A965-C4E3-416B-8921-686E6F141C83}.Release|Any CPU.Build.0 = Release|Any CPU
	EndGlobalSection
	GlobalSection(SolutionProperties) = preSolution
		HideSolutionNode = FALSE
	EndGlobalSection
	GlobalSection(ExtensibilityGlobals) = postSolution
		SolutionGuid = {C7EE3CA6-2898-4FD3-8627-22B38DC10BB5}
	EndGlobalSection
EndGlobal
